
Microsoft Visual Studio Solution File, Format Version 12.00
# Visual Studio Version 16
VisualStudioVersion = 16.0.33130.400
MinimumVisualStudioVersion = 10.0.40219.1
Project("{FAE04EC0-301F-11D3-BF4B-00C04F79EFBC}") = "ExcelMerger", "ExcelMerger\ExcelMerger.csproj", "{40B8902B-31F7-4FB3-A9D7-06B6F45F152C}"
EndProject
Global
	GlobalSection(SolutionConfigurationPlatforms) = preSolution
		Debug|Any CPU = Debug|Any CPU
		Release|Any CPU = Release|Any CPU
	EndGlobalSection
	GlobalSection(ProjectConfigurationPlatforms) = postSolution
		{40B8902B-31F7-4FB3-A9D7-06B6F45F152C}.Debug|Any CPU.ActiveCfg = Debug|Any CPU
		{40B8902B-31F7-4FB3-A9D7-06B6F45F152C}.Debug|Any CPU.Build.0 = Debug|Any CPU
		{40B8902B-31F7-4FB3-A9D7-06B6F45F152C}.Release|Any CPU.ActiveCfg = Release|Any CPU
		{40B8902B-31F7-4FB3-A9D7-06B6F45F152C}.Release|Any CPU.Build.0 = Release|Any CPU
	EndGlobalSection
	GlobalSection(SolutionProperties) = preSolution
		HideSolutionNode = FALSE
	EndGlobalSection
	GlobalSection(ExtensibilityGlobals) = postSolution
		SolutionGuid = {2A8C5B74-DA0E-4182-AE3F-A264CE606EF9}
	EndGlobalSection
EndGlobal
